
Microsoft Visual Studio Solution File, Format Version 12.00
# Visual Studio Version 16
VisualStudioVersion = 16.0.30330.147
MinimumVisualStudioVersion = 10.0.40219.1
Project("{FAE04EC0-301F-11D3-BF4B-00C04F79EFBC}") = "Sem3T1907M", "Sem3T1907M\Sem3T1907M.csproj", "{91BAF7BD-2E6E-4773-A69E-358243A47811}"
EndProject
Project("{FAE04EC0-301F-11D3-BF4B-00C04F79EFBC}") = "FakeNews", "FakeNews\FakeNews.csproj", "{435EC603-8E2A-4850-BB70-EE5BBEB71895}"
EndProject
Project("{FAE04EC0-301F-11D3-BF4B-00C04F79EFBC}") = "DataBindingSample", "DataBindingSample\DataBindingSample.csproj", "{31A66C98-CEBC-45EC-BAA5-EAEEA284139F}"
EndProject
Project("{FAE04EC0-301F-11D3-BF4B-00C04F79EFBC}") = "ObservableCollectionExample", "ObservableCollectionExample\ObservableCollectionExample.csproj", "{33086EB7-8776-4CC0-912B-110AEC94CEFD}"
EndProject
Project("{FAE04EC0-301F-11D3-BF4B-00C04F79EFBC}") = "MyWeatherApplication", "MyWeatherApplication\MyWeatherApplication.csproj", "{B989C47C-36FF-4D28-B1EC-5688386757B0}"
EndProject
Project("{FAE04EC0-301F-11D3-BF4B-00C04F79EFBC}") = "WeatherAppDemo", "WeatherAppDemo\WeatherAppDemo.csproj", "{0BBD4055-B964-4C69-817C-CC161B3033E4}"
EndProject
Project("{FAE04EC0-301F-11D3-BF4B-00C04F79EFBC}") = "YouTubeAppDemo", "YouTubeAppDemo\YouTubeAppDemo.csproj", "{503B0981-3D7C-4B8F-B9D2-8740B2CA15E2}"
EndProject
Global
	GlobalSection(SolutionConfigurationPlatforms) = preSolution
		Debug|ARM = Debug|ARM
		Debug|ARM64 = Debug|ARM64
		Debug|x64 = Debug|x64
		Debug|x86 = Debug|x86
		Release|ARM = Release|ARM
		Release|ARM64 = Release|ARM64
		Release|x64 = Release|x64
		Release|x86 = Release|x86
	EndGlobalSection
	GlobalSection(ProjectConfigurationPlatforms) = postSolution
		{91BAF7BD-2E6E-4773-A69E-358243A47811}.Debug|ARM.ActiveCfg = Debug|ARM
		{91BAF7BD-2E6E-4773-A69E-358243A47811}.Debug|ARM.Build.0 = Debug|ARM
		{91BAF7BD-2E6E-4773-A69E-358243A47811}.Debug|ARM.Deploy.0 = Debug|ARM
		{91BAF7BD-2E6E-4773-A69E-358243A47811}.Debug|ARM64.ActiveCfg = Debug|ARM64
		{91BAF7BD-2E6E-4773-A69E-358243A47811}.Debug|ARM64.Build.0 = Debug|ARM64
		{91BAF7BD-2E6E-4773-A69E-358243A47811}.Debug|ARM64.Deploy.0 = Debug|ARM64
		{91BAF7BD-2E6E-4773-A69E-358243A47811}.Debug|x64.ActiveCfg = Debug|x64
		{91BAF7BD-2E6E-4773-A69E-358243A47811}.Debug|x64.Build.0 = Debug|x64
		{91BAF7BD-2E6E-4773-A69E-358243A47811}.Debug|x64.Deploy.0 = Debug|x64
		{91BAF7BD-2E6E-4773-A69E-358243A47811}.Debug|x86.ActiveCfg = Debug|x86
		{91BAF7BD-2E6E-4773-A69E-358243A47811}.Debug|x86.Build.0 = Debug|x86
		{91BAF7BD-2E6E-4773-A69E-358243A47811}.Debug|x86.Deploy.0 = Debug|x86
		{91BAF7BD-2E6E-4773-A69E-358243A47811}.Release|ARM.ActiveCfg = Release|ARM
		{91BAF7BD-2E6E-4773-A69E-358243A47811}.Release|ARM.Build.0 = Release|ARM
		{91BAF7BD-2E6E-4773-A69E-358243A47811}.Release|ARM.Deploy.0 = Release|ARM
		{91BAF7BD-2E6E-4773-A69E-358243A47811}.Release|ARM64.ActiveCfg = Release|ARM64
		{91BAF7BD-2E6E-4773-A69E-358243A47811}.Release|ARM64.Build.0 = Release|ARM64
		{91BAF7BD-2E6E-4773-A69E-358243A47811}.Release|ARM64.Deploy.0 = Release|ARM64
		{91BAF7BD-2E6E-4773-A69E-358243A47811}.Release|x64.ActiveCfg = Release|x64
		{91BAF7BD-2E6E-4773-A69E-358243A47811}.Release|x64.Build.0 = Release|x64
		{91BAF7BD-2E6E-4773-A69E-358243A47811}.Release|x64.Deploy.0 = Release|x64
		{91BAF7BD-2E6E-4773-A69E-358243A47811}.Release|x86.ActiveCfg = Release|x86
		{91BAF7BD-2E6E-4773-A69E-358243A47811}.Release|x86.Build.0 = Release|x86
		{91BAF7BD-2E6E-4773-A69E-358243A47811}.Release|x86.Deploy.0 = Release|x86
		{435EC603-8E2A-4850-BB70-EE5BBEB71895}.Debug|ARM.ActiveCfg = Debug|ARM
		{435EC603-8E2A-4850-BB70-EE5BBEB71895}.Debug|ARM.Build.0 = Debug|ARM
		{435EC603-8E2A-4850-BB70-EE5BBEB71895}.Debug|ARM.Deploy.0 = Debug|ARM
		{435EC603-8E2A-4850-BB70-EE5BBEB71895}.Debug|ARM64.ActiveCfg = Debug|ARM64
		{435EC603-8E2A-4850-BB70-EE5BBEB71895}.Debug|ARM64.Build.0 = Debug|ARM64
		{435EC603-8E2A-4850-BB70-EE5BBEB71895}.Debug|ARM64.Deploy.0 = Debug|ARM64
		{435EC603-8E2A-4850-BB70-EE5BBEB71895}.Debug|x64.ActiveCfg = Debug|x64
		{435EC603-8E2A-4850-BB70-EE5BBEB71895}.Debug|x64.Build.0 = Debug|x64
		{435EC603-8E2A-4850-BB70-EE5BBEB71895}.Debug|x64.Deploy.0 = Debug|x64
		{435EC603-8E2A-4850-BB70-EE5BBEB71895}.Debug|x86.ActiveCfg = Debug|x86
		{435EC603-8E2A-4850-BB70-EE5BBEB71895}.Debug|x86.Build.0 = Debug|x86
		{435EC603-8E2A-4850-BB70-EE5BBEB71895}.Debug|x86.Deploy.0 = Debug|x86
		{435EC603-8E2A-4850-BB70-EE5BBEB71895}.Release|ARM.ActiveCfg = Release|ARM
		{435EC603-8E2A-4850-BB70-EE5BBEB71895}.Release|ARM.Build.0 = Release|ARM
		{435EC603-8E2A-4850-BB70-EE5BBEB71895}.Release|ARM.Deploy.0 = Release|ARM
		{435EC603-8E2A-4850-BB70-EE5BBEB71895}.Release|ARM64.ActiveCfg = Release|ARM64
		{435EC603-8E2A-4850-BB70-EE5BBEB71895}.Release|ARM64.Build.0 = Release|ARM64
		{435EC603-8E2A-4850-BB70-EE5BBEB71895}.Release|ARM64.Deploy.0 = Release|ARM64
		{435EC603-8E2A-4850-BB70-EE5BBEB71895}.Release|x64.ActiveCfg = Release|x64
		{435EC603-8E2A-4850-BB70-EE5BBEB71895}.Release|x64.Build.0 = Release|x64
		{435EC603-8E2A-4850-BB70-EE5BBEB71895}.Release|x64.Deploy.0 = Release|x64
		{435EC603-8E2A-4850-BB70-EE5BBEB71895}.Release|x86.ActiveCfg = Release|x86
		{435EC603-8E2A-4850-BB70-EE5BBEB71895}.Release|x86.Build.0 = Release|x86
		{435EC603-8E2A-4850-BB70-EE5BBEB71895}.Release|x86.Deploy.0 = Release|x86
		{31A66C98-CEBC-45EC-BAA5-EAEEA284139F}.Debug|ARM.ActiveCfg = Debug|ARM
		{31A66C98-CEBC-45EC-BAA5-EAEEA284139F}.Debug|ARM.Build.0 = Debug|ARM
		{31A66C98-CEBC-45EC-BAA5-EAEEA284139F}.Debug|ARM.Deploy.0 = Debug|ARM
		{31A66C98-CEBC-45EC-BAA5-EAEEA284139F}.Debug|ARM64.ActiveCfg = Debug|ARM64
		{31A66C98-CEBC-45EC-BAA5-EAEEA284139F}.Debug|ARM64.Build.0 = Debug|ARM64
		{31A66C98-CEBC-45EC-BAA5-EAEEA284139F}.Debug|ARM64.Deploy.0 = Debug|ARM64
		{31A66C98-CEBC-45EC-BAA5-EAEEA284139F}.Debug|x64.ActiveCfg = Debug|x64
		{31A66C98-CEBC-45EC-BAA5-EAEEA284139F}.Debug|x64.Build.0 = Debug|x64
		{31A66C98-CEBC-45EC-BAA5-EAEEA284139F}.Debug|x64.Deploy.0 = Debug|x64
		{31A66C98-CEBC-45EC-BAA5-EAEEA284139F}.Debug|x86.ActiveCfg = Debug|x86
		{31A66C98-CEBC-45EC-BAA5-EAEEA284139F}.Debug|x86.Build.0 = Debug|x86
		{31A66C98-CEBC-45EC-BAA5-EAEEA284139F}.Debug|x86.Deploy.0 = Debug|x86
		{31A66C98-CEBC-45EC-BAA5-EAEEA284139F}.Release|ARM.ActiveCfg = Release|ARM
		{31A66C98-CEBC-45EC-BAA5-EAEEA284139F}.Release|ARM.Build.0 = Release|ARM
		{31A66C98-CEBC-45EC-BAA5-EAEEA284139F}.Release|ARM.Deploy.0 = Release|ARM
		{31A66C98-CEBC-45EC-BAA5-EAEEA284139F}.Release|ARM64.ActiveCfg = Release|ARM64
		{31A66C98-CEBC-45EC-BAA5-EAEEA284139F}.Release|ARM64.Build.0 = Release|ARM64
		{31A66C98-CEBC-45EC-BAA5-EAEEA284139F}.Release|ARM64.Deploy.0 = Release|ARM64
		{31A66C98-CEBC-45EC-BAA5-EAEEA284139F}.Release|x64.ActiveCfg = Release|x64
		{31A66C98-CEBC-45EC-BAA5-EAEEA284139F}.Release|x64.Build.0 = Release|x64
		{31A66C98-CEBC-45EC-BAA5-EAEEA284139F}.Release|x64.Deploy.0 = Release|x64
		{31A66C98-CEBC-45EC-BAA5-EAEEA284139F}.Release|x86.ActiveCfg = Release|x86
		{31A66C98-CEBC-45EC-BAA5-EAEEA284139F}.Release|x86.Build.0 = Release|x86
		{31A66C98-CEBC-45EC-BAA5-EAEEA284139F}.Release|x86.Deploy.0 = Release|x86
		{33086EB7-8776-4CC0-912B-110AEC94CEFD}.Debug|ARM.ActiveCfg = Debug|ARM
		{33086EB7-8776-4CC0-912B-110AEC94CEFD}.Debug|ARM.Build.0 = Debug|ARM
		{33086EB7-8776-4CC0-912B-110AEC94CEFD}.Debug|ARM.Deploy.0 = Debug|ARM
		{33086EB7-8776-4CC0-912B-110AEC94CEFD}.Debug|ARM64.ActiveCfg = Debug|ARM64
		{33086EB7-8776-4CC0-912B-110AEC94CEFD}.Debug|ARM64.Build.0 = Debug|ARM64
		{33086EB7-8776-4CC0-912B-110AEC94CEFD}.Debug|ARM64.Deploy.0 = Debug|ARM64
		{33086EB7-8776-4CC0-912B-110AEC94CEFD}.Debug|x64.ActiveCfg = Debug|x64
		{33086EB7-8776-4CC0-912B-110AEC94CEFD}.Debug|x64.Build.0 = Debug|x64
		{33086EB7-8776-4CC0-912B-110AEC94CEFD}.Debug|x64.Deploy.0 = Debug|x64
		{33086EB7-8776-4CC0-912B-110AEC94CEFD}.Debug|x86.ActiveCfg = Debug|x86
		{33086EB7-8776-4CC0-912B-110AEC94CEFD}.Debug|x86.Build.0 = Debug|x86
		{33086EB7-8776-4CC0-912B-110AEC94CEFD}.Debug|x86.Deploy.0 = Debug|x86
		{33086EB7-8776-4CC0-912B-110AEC94CEFD}.Release|ARM.ActiveCfg = Release|ARM
		{33086EB7-8776-4CC0-912B-110AEC94CEFD}.Release|ARM.Build.0 = Release|ARM
		{33086EB7-8776-4CC0-912B-110AEC94CEFD}.Release|ARM.Deploy.0 = Release|ARM
		{33086EB7-8776-4CC0-912B-110AEC94CEFD}.Release|ARM64.ActiveCfg = Release|ARM64
		{33086EB7-8776-4CC0-912B-110AEC94CEFD}.Release|ARM64.Build.0 = Release|ARM64
		{33086EB7-8776-4CC0-912B-110AEC94CEFD}.Release|ARM64.Deploy.0 = Release|ARM64
		{33086EB7-8776-4CC0-912B-110AEC94CEFD}.Release|x64.ActiveCfg = Release|x64
		{33086EB7-8776-4CC0-912B-110AEC94CEFD}.Release|x64.Build.0 = Release|x64
		{33086EB7-8776-4CC0-912B-110AEC94CEFD}.Release|x64.Deploy.0 = Release|x64
		{33086EB7-8776-4CC0-912B-110AEC94CEFD}.Release|x86.ActiveCfg = Release|x86
		{33086EB7-8776-4CC0-912B-110AEC94CEFD}.Release|x86.Build.0 = Release|x86
		{33086EB7-8776-4CC0-912B-110AEC94CEFD}.Release|x86.Deploy.0 = Release|x86
		{B989C47C-36FF-4D28-B1EC-5688386757B0}.Debug|ARM.ActiveCfg = Debug|ARM
		{B989C47C-36FF-4D28-B1EC-5688386757B0}.Debug|ARM.Build.0 = Debug|ARM
		{B989C47C-36FF-4D28-B1EC-5688386757B0}.Debug|ARM.Deploy.0 = Debug|ARM
		{B989C47C-36FF-4D28-B1EC-5688386757B0}.Debug|ARM64.ActiveCfg = Debug|ARM64
		{B989C47C-36FF-4D28-B1EC-5688386757B0}.Debug|ARM64.Build.0 = Debug|ARM64
		{B989C47C-36FF-4D28-B1EC-5688386757B0}.Debug|ARM64.Deploy.0 = Debug|ARM64
		{B989C47C-36FF-4D28-B1EC-5688386757B0}.Debug|x64.ActiveCfg = Debug|x64
		{B989C47C-36FF-4D28-B1EC-5688386757B0}.Debug|x64.Build.0 = Debug|x64
		{B989C47C-36FF-4D28-B1EC-5688386757B0}.Debug|x64.Deploy.0 = Debug|x64
		{B989C47C-36FF-4D28-B1EC-5688386757B0}.Debug|x86.ActiveCfg = Debug|x86
		{B989C47C-36FF-4D28-B1EC-5688386757B0}.Debug|x86.Build.0 = Debug|x86
		{B989C47C-36FF-4D28-B1EC-5688386757B0}.Debug|x86.Deploy.0 = Debug|x86
		{B989C47C-36FF-4D28-B1EC-5688386757B0}.Release|ARM.ActiveCfg = Release|ARM
		{B989C47C-36FF-4D28-B1EC-5688386757B0}.Release|ARM.Build.0 = Release|ARM
		{B989C47C-36FF-4D28-B1EC-5688386757B0}.Release|ARM.Deploy.0 = Release|ARM
		{B989C47C-36FF-4D28-B1EC-5688386757B0}.Release|ARM64.ActiveCfg = Release|ARM64
		{B989C47C-36FF-4D28-B1EC-5688386757B0}.Release|ARM64.Build.0 = Release|ARM64
		{B989C47C-36FF-4D28-B1EC-5688386757B0}.Release|ARM64.Deploy.0 = Release|ARM64
		{B989C47C-36FF-4D28-B1EC-5688386757B0}.Release|x64.ActiveCfg = Release|x64
		{B989C47C-36FF-4D28-B1EC-5688386757B0}.Release|x64.Build.0 = Release|x64
		{B989C47C-36FF-4D28-B1EC-5688386757B0}.Release|x64.Deploy.0 = Release|x64
		{B989C47C-36FF-4D28-B1EC-5688386757B0}.Release|x86.ActiveCfg = Release|x86
		{B989C47C-36FF-4D28-B1EC-5688386757B0}.Release|x86.Build.0 = Release|x86
		{B989C47C-36FF-4D28-B1EC-5688386757B0}.Release|x86.Deploy.0 = Release|x86
		{0BBD4055-B964-4C69-817C-CC161B3033E4}.Debug|ARM.ActiveCfg = Debug|ARM
		{0BBD4055-B964-4C69-817C-CC161B3033E4}.Debug|ARM.Build.0 = Debug|ARM
		{0BBD4055-B964-4C69-817C-CC161B3033E4}.Debug|ARM.Deploy.0 = Debug|ARM
		{0BBD4055-B964-4C69-817C-CC161B3033E4}.Debug|ARM64.ActiveCfg = Debug|ARM64
		{0BBD4055-B964-4C69-817C-CC161B3033E4}.Debug|ARM64.Build.0 = Debug|ARM64
		{0BBD4055-B964-4C69-817C-CC161B3033E4}.Debug|ARM64.Deploy.0 = Debug|ARM64
		{0BBD4055-B964-4C69-817C-CC161B3033E4}.Debug|x64.ActiveCfg = Debug|x64
		{0BBD4055-B964-4C69-817C-CC161B3033E4}.Debug|x64.Build.0 = Debug|x64
		{0BBD4055-B964-4C69-817C-CC161B3033E4}.Debug|x64.Deploy.0 = Debug|x64
		{0BBD4055-B964-4C69-817C-CC161B3033E4}.Debug|x86.ActiveCfg = Debug|x86
		{0BBD4055-B964-4C69-817C-CC161B3033E4}.Debug|x86.Build.0 = Debug|x86
		{0BBD4055-B964-4C69-817C-CC161B3033E4}.Debug|x86.Deploy.0 = Debug|x86
		{0BBD4055-B964-4C69-817C-CC161B3033E4}.Release|ARM.ActiveCfg = Release|ARM
		{0BBD4055-B964-4C69-817C-CC161B3033E4}.Release|ARM.Build.0 = Release|ARM
		{0BBD4055-B964-4C69-817C-CC161B3033E4}.Release|ARM.Deploy.0 = Release|ARM
		{0BBD4055-B964-4C69-817C-CC161B3033E4}.Release|ARM64.ActiveCfg = Release|ARM64
		{0BBD4055-B964-4C69-817C-CC161B3033E4}.Release|ARM64.Build.0 = Release|ARM64
		{0BBD4055-B964-4C69-817C-CC161B3033E4}.Release|ARM64.Deploy.0 = Release|ARM64
		{0BBD4055-B964-4C69-817C-CC161B3033E4}.Release|x64.ActiveCfg = Release|x64
		{0BBD4055-B964-4C69-817C-CC161B3033E4}.Release|x64.Build.0 = Release|x64
		{0BBD4055-B964-4C69-817C-CC161B3033E4}.Release|x64.Deploy.0 = Release|x64
		{0BBD4055-B964-4C69-817C-CC161B3033E4}.Release|x86.ActiveCfg = Release|x86
		{0BBD4055-B964-4C69-817C-CC161B3033E4}.Release|x86.Build.0 = Release|x86
		{0BBD4055-B964-4C69-817C-CC161B3033E4}.Release|x86.Deploy.0 = Release|x86
		{503B0981-3D7C-4B8F-B9D2-8740B2CA15E2}.Debug|ARM.ActiveCfg = Debug|ARM
		{503B0981-3D7C-4B8F-B9D2-8740B2CA15E2}.Debug|ARM.Build.0 = Debug|ARM
		{503B0981-3D7C-4B8F-B9D2-8740B2CA15E2}.Debug|ARM.Deploy.0 = Debug|ARM
		{503B0981-3D7C-4B8F-B9D2-8740B2CA15E2}.Debug|ARM64.ActiveCfg = Debug|ARM64
		{503B0981-3D7C-4B8F-B9D2-8740B2CA15E2}.Debug|ARM64.Build.0 = Debug|ARM64
		{503B0981-3D7C-4B8F-B9D2-8740B2CA15E2}.Debug|ARM64.Deploy.0 = Debug|ARM64
		{503B0981-3D7C-4B8F-B9D2-8740B2CA15E2}.Debug|x64.ActiveCfg = Debug|x64
		{503B0981-3D7C-4B8F-B9D2-8740B2CA15E2}.Debug|x64.Build.0 = Debug|x64
		{503B0981-3D7C-4B8F-B9D2-8740B2CA15E2}.Debug|x64.Deploy.0 = Debug|x64
		{503B0981-3D7C-4B8F-B9D2-8740B2CA15E2}.Debug|x86.ActiveCfg = Debug|x86
		{503B0981-3D7C-4B8F-B9D2-8740B2CA15E2}.Debug|x86.Build.0 = Debug|x86
		{503B0981-3D7C-4B8F-B9D2-8740B2CA15E2}.Debug|x86.Deploy.0 = Debug|x86
		{503B0981-3D7C-4B8F-B9D2-8740B2CA15E2}.Release|ARM.ActiveCfg = Release|ARM
		{503B0981-3D7C-4B8F-B9D2-8740B2CA15E2}.Release|ARM.Build.0 = Release|ARM
		{503B0981-3D7C-4B8F-B9D2-8740B2CA15E2}.Release|ARM.Deploy.0 = Release|ARM
		{503B0981-3D7C-4B8F-B9D2-8740B2CA15E2}.Release|ARM64.ActiveCfg = Release|ARM64
		{503B0981-3D7C-4B8F-B9D2-8740B2CA15E2}.Release|ARM64.Build.0 = Release|ARM64
		{503B0981-3D7C-4B8F-B9D2-8740B2CA15E2}.Release|ARM64.Deploy.0 = Release|ARM64
		{503B0981-3D7C-4B8F-B9D2-8740B2CA15E2}.Release|x64.ActiveCfg = Release|x64
		{503B0981-3D7C-4B8F-B9D2-8740B2CA15E2}.Release|x64.Build.0 = Release|x64
		{503B0981-3D7C-4B8F-B9D2-8740B2CA15E2}.Release|x64.Deploy.0 = Release|x64
		{503B0981-3D7C-4B8F-B9D2-8740B2CA15E2}.Release|x86.ActiveCfg = Release|x86
		{503B0981-3D7C-4B8F-B9D2-8740B2CA15E2}.Release|x86.Build.0 = Release|x86
		{503B0981-3D7C-4B8F-B9D2-8740B2CA15E2}.Release|x86.Deploy.0 = Release|x86
	EndGlobalSection
	GlobalSection(SolutionProperties) = preSolution
		HideSolutionNode = FALSE
	EndGlobalSection
	GlobalSection(ExtensibilityGlobals) = postSolution
		SolutionGuid = {C307DD6C-81D6-456A-A724-987337C0AA2A}
	EndGlobalSection
EndGlobal
